# This file is generated by running "yarn install" inside your project.
# Manual changes might be lost - proceed with caution!

__metadata:
  version: 4
  cacheKey: 6

"client@workspace:client":
  version: 0.0.0-use.local
  resolution: "client@workspace:client"
  languageName: unknown
  linkType: soft

"daikon@npm:^1.2.42":
  version: 1.2.42
  resolution: "daikon@npm:1.2.42"
  dependencies:
    jpeg-lossless-decoder-js: "git+https://github.com/rii-mango/JPEGLosslessDecoderJS.git"
    pako: ^1.0.6
  checksum: 1aecb27d3b87bf5ae453c4d6386d7895473a353ca2a615eeaf8de2b71932a305a3b226f0f543bc574a50c3a5abfee99dd86fe7558480a87f0e476203d539e1a9
  languageName: node
  linkType: hard

"jpeg-lossless-decoder-js@git+https://github.com/rii-mango/JPEGLosslessDecoderJS.git":
  version: 2.0.4
  resolution: "jpeg-lossless-decoder-js@https://github.com/rii-mango/JPEGLosslessDecoderJS.git#commit=78fe90c7cae985b1a394a66f99c81633144bb867"
  checksum: c466314933aa4e58d96d1c0ad0e7b8f6a76118dda0bd1b0edb21d3aab13ca9c73fcaefee8ba26c84e7f06c0f4b10c9768da42680ee3a19d5fdf25c48e3f57923
  languageName: node
  linkType: hard

"pako@npm:^1.0.6":
  version: 1.0.11
  resolution: "pako@npm:1.0.11"
  checksum: 71c60150b68220ec52a404f3c39a4ed38f750e42452b88fe0eb2e6b5c98e91f73f706444359b097aca1e6db83ef8fef50b5a9ec100e30a606cda6da8d45e5439
  languageName: node
  linkType: hard

"server@workspace:server":
  version: 0.0.0-use.local
  resolution: "server@workspace:server"
  languageName: unknown
  linkType: soft

"testyarn2@workspace:.":
  version: 0.0.0-use.local
  resolution: "testyarn2@workspace:."
  dependencies:
    daikon: ^1.2.42
  languageName: unknown
  linkType: soft
